
Microsoft Visual Studio Solution File, Format Version 12.00
# Visual Studio 14
VisualStudioVersion = 14.0.24720.0
MinimumVisualStudioVersion = 10.0.40219.1
Project("{2150E333-8FDC-42A3-9474-1A3956D46DE8}") = "src", "src", "{3FF43084-C72A-4F4E-98C6-B91B4094DF7E}"
EndProject
Project("{2150E333-8FDC-42A3-9474-1A3956D46DE8}") = "Solution Items", "Solution Items", "{67C753FE-8900-48B5-8278-6735B451A7E3}"
	ProjectSection(SolutionItems) = preProject
		global.json = global.json
	EndProjectSection
EndProject
Project("{8BB2217D-0F2D-49D1-97BC-3654ED321F3B}") = "ApiServer", "src\ApiServer\ApiServer.xproj", "{0662CBB2-6C30-4C1D-8C93-2A12CE663497}"
EndProject
Project("{FAE04EC0-301F-11D3-BF4B-00C04F79EFBC}") = "ApiClient", "ApiClient\ApiClient.csproj", "{C6A27336-4EDB-44A9-97D2-A61F58EDAD3E}"
EndProject
Project("{FAE04EC0-301F-11D3-BF4B-00C04F79EFBC}") = "ApiServer.Tests", "ApiServer.Tests\ApiServer.Tests.csproj", "{A8F9DDC5-1268-4014-830F-46F2587D7583}"
EndProject
Global
	GlobalSection(SolutionConfigurationPlatforms) = preSolution
		Debug|Any CPU = Debug|Any CPU
		Release|Any CPU = Release|Any CPU
	EndGlobalSection
	GlobalSection(ProjectConfigurationPlatforms) = postSolution
		{0662CBB2-6C30-4C1D-8C93-2A12CE663497}.Debug|Any CPU.ActiveCfg = Debug|Any CPU
		{0662CBB2-6C30-4C1D-8C93-2A12CE663497}.Debug|Any CPU.Build.0 = Debug|Any CPU
		{0662CBB2-6C30-4C1D-8C93-2A12CE663497}.Release|Any CPU.ActiveCfg = Release|Any CPU
		{0662CBB2-6C30-4C1D-8C93-2A12CE663497}.Release|Any CPU.Build.0 = Release|Any CPU
		{C6A27336-4EDB-44A9-97D2-A61F58EDAD3E}.Debug|Any CPU.ActiveCfg = Debug|Any CPU
		{C6A27336-4EDB-44A9-97D2-A61F58EDAD3E}.Debug|Any CPU.Build.0 = Debug|Any CPU
		{C6A27336-4EDB-44A9-97D2-A61F58EDAD3E}.Release|Any CPU.ActiveCfg = Release|Any CPU
		{C6A27336-4EDB-44A9-97D2-A61F58EDAD3E}.Release|Any CPU.Build.0 = Release|Any CPU
		{A8F9DDC5-1268-4014-830F-46F2587D7583}.Debug|Any CPU.ActiveCfg = Debug|Any CPU
		{A8F9DDC5-1268-4014-830F-46F2587D7583}.Debug|Any CPU.Build.0 = Debug|Any CPU
		{A8F9DDC5-1268-4014-830F-46F2587D7583}.Release|Any CPU.ActiveCfg = Release|Any CPU
		{A8F9DDC5-1268-4014-830F-46F2587D7583}.Release|Any CPU.Build.0 = Release|Any CPU
	EndGlobalSection
	GlobalSection(SolutionProperties) = preSolution
		HideSolutionNode = FALSE
	EndGlobalSection
	GlobalSection(NestedProjects) = preSolution
		{0662CBB2-6C30-4C1D-8C93-2A12CE663497} = {3FF43084-C72A-4F4E-98C6-B91B4094DF7E}
	EndGlobalSection
EndGlobal
